{
  "name": "node-red-contrib-example-lower-case",
  "version": "1.0.0",
  "lockfileVersion": 1,
  "requires": true,
  "dependencies": {
    "myhome": {
      "version": "0.0.2",
      "resolved": "https://registry.npmjs.org/myhome/-/myhome-0.0.2.tgz",
      "integrity": "sha1-iiU2Tw91djJVlpASjHn2ckwMmTo="
    }
  }
}
